// !$*UTF8*$!
{
	archiveVersion = 1;
	classes = {
	};
	objectVersion = 55;
	objects = {

/* Begin PBXBuildFile section */
		1E57F8932886F287003D4C08 /* AppDelegate.swift in Sources */ = {isa = PBXBuildFile; fileRef = 1E57F8922886F287003D4C08 /* AppDelegate.swift */; };
		1E57F8952886F287003D4C08 /* SceneDelegate.swift in Sources */ = {isa = PBXBuildFile; fileRef = 1E57F8942886F287003D4C08 /* SceneDelegate.swift */; };
		1E57F8972886F287003D4C08 /* ViewController.swift in Sources */ = {isa = PBXBuildFile; fileRef = 1E57F8962886F287003D4C08 /* ViewController.swift */; };
		1E57F89A2886F287003D4C08 /* Main.storyboard in Resources */ = {isa = PBXBuildFile; fileRef = 1E57F8982886F287003D4C08 /* Main.storyboard */; };
		1E57F89D2886F287003D4C08 /* ToDoListApp.xcdatamodeld in Sources */ = {isa = PBXBuildFile; fileRef = 1E57F89B2886F287003D4C08 /* ToDoListApp.xcdatamodeld */; };
		1E57F89F2886F28A003D4C08 /* Assets.xcassets in Resources */ = {isa = PBXBuildFile; fileRef = 1E57F89E2886F28A003D4C08 /* Assets.xcassets */; };
		1E57F8A22886F28A003D4C08 /* LaunchScreen.storyboard in Resources */ = {isa = PBXBuildFile; fileRef = 1E57F8A02886F28A003D4C08 /* LaunchScreen.storyboard */; };
		1E57F8AD2886F28A003D4C08 /* ToDoListAppTests.swift in Sources */ = {isa = PBXBuildFile; fileRef = 1E57F8AC2886F28A003D4C08 /* ToDoListAppTests.swift */; };
		1E57F8B72886F28A003D4C08 /* ToDoListAppUITests.swift in Sources */ = {isa = PBXBuildFile; fileRef = 1E57F8B62886F28A003D4C08 /* ToDoListAppUITests.swift */; };
		1E57F8B92886F28A003D4C08 /* ToDoListAppUITestsLaunchTests.swift in Sources */ = {isa = PBXBuildFile; fileRef = 1E57F8B82886F28A003D4C08 /* ToDoListAppUITestsLaunchTests.swift */; };
		1E57F8C82886F496003D4C08 /* ToDoTableTableViewController.swift in Sources */ = {isa = PBXBuildFile; fileRef = 1E57F8C72886F496003D4C08 /* ToDoTableTableViewController.swift */; };
/* End PBXBuildFile section */

/* Begin PBXContainerItemProxy section */
		1E57F8A92886F28A003D4C08 /* PBXContainerItemProxy */ = {
			isa = PBXContainerItemProxy;
			containerPortal = 1E57F8872886F287003D4C08 /* Project object */;
			proxyType = 1;
			remoteGlobalIDString = 1E57F88E2886F287003D4C08;
			remoteInfo = ToDoListApp;
		};
		1E57F8B32886F28A003D4C08 /* PBXContainerItemProxy */ = {
			isa = PBXContainerItemProxy;
			containerPortal = 1E57F8872886F287003D4C08 /* Project object */;
			proxyType = 1;
			remoteGlobalIDString = 1E57F88E2886F287003D4C08;
			remoteInfo = ToDoListApp;
		};
/* End PBXContainerItemProxy section */

/* Begin PBXFileReference section */
		1E57F88F2886F287003D4C08 /* ToDoListApp.app */ = {isa = PBXFileReference; explicitFileType = wrapper.application; includeInIndex = 0; path = ToDoListApp.app; sourceTree = BUILT_PRODUCTS_DIR; };
		1E57F8922886F287003D4C08 /* AppDelegate.swift */ = {isa = PBXFileReference; lastKnownFileType = sourcecode.swift; path = AppDelegate.swift; sourceTree = "<group>"; };
		1E57F8942886F287003D4C08 /* SceneDelegate.swift */ = {isa = PBXFileReference; lastKnownFileType = sourcecode.swift; path = SceneDelegate.swift; sourceTree = "<group>"; };
		1E57F8962886F287003D4C08 /* ViewController.swift */ = {isa = PBXFileReference; lastKnownFileType = sourcecode.swift; path = ViewController.swift; sourceTree = "<group>"; };
		1E57F8992886F287003D4C08 /* Base */ = {isa = PBXFileReference; lastKnownFileType = file.storyboard; name = Base; path = Base.lproj/Main.storyboard; sourceTree = "<group>"; };
		1E57F89C2886F287003D4C08 /* ToDoListApp.xcdatamodel */ = {isa = PBXFileReference; lastKnownFileType = wrapper.xcdatamodel; path = ToDoListApp.xcdatamodel; sourceTree = "<group>"; };
		1E57F89E2886F28A003D4C08 /* Assets.xcassets */ = {isa = PBXFileReference; lastKnownFileType = folder.assetcatalog; path = Assets.xcassets; sourceTree = "<group>"; };
		1E57F8A12886F28A003D4C08 /* Base */ = {isa = PBXFileReference; lastKnownFileType = file.storyboard; name = Base; path = Base.lproj/LaunchScreen.storyboard; sourceTree = "<group>"; };
		1E57F8A32886F28A003D4C08 /* Info.plist */ = {isa = PBXFileReference; lastKnownFileType = text.plist.xml; path = Info.plist; sourceTree = "<group>"; };
		1E57F8A82886F28A003D4C08 /* ToDoListAppTests.xctest */ = {isa = PBXFileReference; explicitFileType = wrapper.cfbundle; includeInIndex = 0; path = ToDoListAppTests.xctest; sourceTree = BUILT_PRODUCTS_DIR; };
		1E57F8AC2886F28A003D4C08 /* ToDoListAppTests.swift */ = {isa = PBXFileReference; lastKnownFileType = sourcecode.swift; path = ToDoListAppTests.swift; sourceTree = "<group>"; };
		1E57F8B22886F28A003D4C08 /* ToDoListAppUITests.xctest */ = {isa = PBXFileReference; explicitFileType = wrapper.cfbundle; includeInIndex = 0; path = ToDoListAppUITests.xctest; sourceTree = BUILT_PRODUCTS_DIR; };
		1E57F8B62886F28A003D4C08 /* ToDoListAppUITests.swift */ = {isa = PBXFileReference; lastKnownFileType = sourcecode.swift; path = ToDoListAppUITests.swift; sourceTree = "<group>"; };
		1E57F8B82886F28A003D4C08 /* ToDoListAppUITestsLaunchTests.swift */ = {isa = PBXFileReference; lastKnownFileType = sourcecode.swift; path = ToDoListAppUITestsLaunchTests.swift; sourceTree = "<group>"; };
		1E57F8C72886F496003D4C08 /* ToDoTableTableViewController.swift */ = {isa = PBXFileReference; lastKnownFileType = sourcecode.swift; path = ToDoTableTableViewController.swift; sourceTree = "<group>"; };
/* End PBXFileReference section */

/* Begin PBXFrameworksBuildPhase section */
		1E57F88C2886F287003D4C08 /* Frameworks */ = {
			isa = PBXFrameworksBuildPhase;
			buildActionMask = 2147483647;
			files = (
			);
			runOnlyForDeploymentPostprocessing = 0;
		};
		1E57F8A52886F28A003D4C08 /* Frameworks */ = {
			isa = PBXFrameworksBuildPhase;
			buildActionMask = 2147483647;
			files = (
			);
			runOnlyForDeploymentPostprocessing = 0;
		};
		1E57F8AF2886F28A003D4C08 /* Frameworks */ = {
			isa = PBXFrameworksBuildPhase;
			buildActionMask = 2147483647;
			files = (
			);
			runOnlyForDeploymentPostprocessing = 0;
		};
/* End PBXFrameworksBuildPhase section */

/* Begin PBXGroup section */
		1E57F8862886F287003D4C08 = {
			isa = PBXGroup;
			children = (
				1E57F8912886F287003D4C08 /* ToDoListApp */,
				1E57F8AB2886F28A003D4C08 /* ToDoListAppTests */,
				1E57F8B52886F28A003D4C08 /* ToDoListAppUITests */,
				1E57F8902886F287003D4C08 /* Products */,
			);
			sourceTree = "<group>";
		};
		1E57F8902886F287003D4C08 /* Products */ = {
			isa = PBXGroup;
			children = (
				1E57F88F2886F287003D4C08 /* ToDoListApp.app */,
				1E57F8A82886F28A003D4C08 /* ToDoListAppTests.xctest */,
				1E57F8B22886F28A003D4C08 /* ToDoListAppUITests.xctest */,
			);
			name = Products;
			sourceTree = "<group>";
		};
		1E57F8912886F287003D4C08 /* ToDoListApp */ = {
			isa = PBXGroup;
			children = (
				1E57F8922886F287003D4C08 /* AppDelegate.swift */,
				1E57F8942886F287003D4C08 /* SceneDelegate.swift */,
				1E57F8962886F287003D4C08 /* ViewController.swift */,
				1E57F8C72886F496003D4C08 /* ToDoTableTableViewController.swift */,
				1E57F8982886F287003D4C08 /* Main.storyboard */,
				1E57F89E2886F28A003D4C08 /* Assets.xcassets */,
				1E57F8A02886F28A003D4C08 /* LaunchScreen.storyboard */,
				1E57F8A32886F28A003D4C08 /* Info.plist */,
				1E57F89B2886F287003D4C08 /* ToDoListApp.xcdatamodeld */,
			);
			path = ToDoListApp;
			sourceTree = "<group>";
		};
		1E57F8AB2886F28A003D4C08 /* ToDoListAppTests */ = {
			isa = PBXGroup;
			children = (
				1E57F8AC2886F28A003D4C08 /* ToDoListAppTests.swift */,
			);
			path = ToDoListAppTests;
			sourceTree = "<group>";
		};
		1E57F8B52886F28A003D4C08 /* ToDoListAppUITests */ = {
			isa = PBXGroup;
			children = (
				1E57F8B62886F28A003D4C08 /* ToDoListAppUITests.swift */,
				1E57F8B82886F28A003D4C08 /* ToDoListAppUITestsLaunchTests.swift */,
			);
			path = ToDoListAppUITests;
			sourceTree = "<group>";
		};
/* End PBXGroup section */

/* Begin PBXNativeTarget section */
		1E57F88E2886F287003D4C08 /* ToDoListApp */ = {
			isa = PBXNativeTarget;
			buildConfigurationList = 1E57F8BC2886F28A003D4C08 /* Build configuration list for PBXNativeTarget "ToDoListApp" */;
			buildPhases = (
				1E57F88B2886F287003D4C08 /* Sources */,
				1E57F88C2886F287003D4C08 /* Frameworks */,
				1E57F88D2886F287003D4C08 /* Resources */,
			);
			buildRules = (
			);
			dependencies = (
			);
			name = ToDoListApp;
			productName = ToDoListApp;
			productReference = 1E57F88F2886F287003D4C08 /* ToDoListApp.app */;
			productType = "com.apple.product-type.application";
		};
		1E57F8A72886F28A003D4C08 /* ToDoListAppTests */ = {
			isa = PBXNativeTarget;
			buildConfigurationList = 1E57F8BF2886F28A003D4C08 /* Build configuration list for PBXNativeTarget "ToDoListAppTests" */;
			buildPhases = (
				1E57F8A42886F28A003D4C08 /* Sources */,
				1E57F8A52886F28A003D4C08 /* Frameworks */,
				1E57F8A62886F28A003D4C08 /* Resources */,
			);
			buildRules = (
			);
			dependencies = (
				1E57F8AA2886F28A003D4C08 /* PBXTargetDependency */,
			);
			name = ToDoListAppTests;
			productName = ToDoListAppTests;
			productReference = 1E57F8A82886F28A003D4C08 /* ToDoListAppTests.xctest */;
			productType = "com.apple.product-type.bundle.unit-test";
		};
		1E57F8B12886F28A003D4C08 /* ToDoListAppUITests */ = {
			isa = PBXNativeTarget;
			buildConfigurationList = 1E57F8C22886F28A003D4C08 /* Build configuration list for PBXNativeTarget "ToDoListAppUITests" */;
			buildPhases = (
				1E57F8AE2886F28A003D4C08 /* Sources */,
				1E57F8AF2886F28A003D4C08 /* Frameworks */,
				1E57F8B02886F28A003D4C08 /* Resources */,
			);
			buildRules = (
			);
			dependencies = (
				1E57F8B42886F28A003D4C08 /* PBXTargetDependency */,
			);
			name = ToDoListAppUITests;
			productName = ToDoListAppUITests;
			productReference = 1E57F8B22886F28A003D4C08 /* ToDoListAppUITests.xctest */;
			productType = "com.apple.product-type.bundle.ui-testing";
		};
/* End PBXNativeTarget section */

/* Begin PBXProject section */
		1E57F8872886F287003D4C08 /* Project object */ = {
			isa = PBXProject;
			attributes = {
				BuildIndependentTargetsInParallel = 1;
				LastSwiftUpdateCheck = 1340;
				LastUpgradeCheck = 1340;
				TargetAttributes = {
					1E57F88E2886F287003D4C08 = {
						CreatedOnToolsVersion = 13.4.1;
					};
					1E57F8A72886F28A003D4C08 = {
						CreatedOnToolsVersion = 13.4.1;
						TestTargetID = 1E57F88E2886F287003D4C08;
					};
					1E57F8B12886F28A003D4C08 = {
						CreatedOnToolsVersion = 13.4.1;
						TestTargetID = 1E57F88E2886F287003D4C08;
					};
				};
			};
			buildConfigurationList = 1E57F88A2886F287003D4C08 /* Build configuration list for PBXProject "ToDoListApp" */;
			compatibilityVersion = "Xcode 13.0";
			developmentRegion = en;
			hasScannedForEncodings = 0;
			knownRegions = (
				en,
				Base,
			);
			mainGroup = 1E57F8862886F287003D4C08;
			productRefGroup = 1E57F8902886F287003D4C08 /* Products */;
			projectDirPath = "";
			projectRoot = "";
			targets = (
				1E57F88E2886F287003D4C08 /* ToDoListApp */,
				1E57F8A72886F28A003D4C08 /* ToDoListAppTests */,
				1E57F8B12886F28A003D4C08 /* ToDoListAppUITests */,
			);
		};
/* End PBXProject section */

/* Begin PBXResourcesBuildPhase section */
		1E57F88D2886F287003D4C08 /* Resources */ = {
			isa = PBXResourcesBuildPhase;
			buildActionMask = 2147483647;
			files = (
				1E57F8A22886F28A003D4C08 /* LaunchScreen.storyboard in Resources */,
				1E57F89F2886F28A003D4C08 /* Assets.xcassets in Resources */,
				1E57F89A2886F287003D4C08 /* Main.storyboard in Resources */,
			);
			runOnlyForDeploymentPostprocessing = 0;
		};
		1E57F8A62886F28A003D4C08 /* Resources */ = {
			isa = PBXResourcesBuildPhase;
			buildActionMask = 2147483647;
			files = (
			);
			runOnlyForDeploymentPostprocessing = 0;
		};
		1E57F8B02886F28A003D4C08 /* Resources */ = {
			isa = PBXResourcesBuildPhase;
			buildActionMask = 2147483647;
			files = (
			);
			runOnlyForDeploymentPostprocessing = 0;
		};
/* End PBXResourcesBuildPhase section */

/* Begin PBXSourcesBuildPhase section */
		1E57F88B2886F287003D4C08 /* Sources */ = {
			isa = PBXSourcesBuildPhase;
			buildActionMask = 2147483647;
			files = (
				1E57F8972886F287003D4C08 /* ViewController.swift in Sources */,
				1E57F8932886F287003D4C08 /* AppDelegate.swift in Sources */,
				1E57F8952886F287003D4C08 /* SceneDelegate.swift in Sources */,
				1E57F89D2886F287003D4C08 /* ToDoListApp.xcdatamodeld in Sources */,
				1E57F8C82886F496003D4C08 /* ToDoTableTableViewController.swift in Sources */,
			);
			runOnlyForDeploymentPostprocessing = 0;
		};
		1E57F8A42886F28A003D4C08 /* Sources */ = {
			isa = PBXSourcesBuildPhase;
			buildActionMask = 2147483647;
			files = (
				1E57F8AD2886F28A003D4C08 /* ToDoListAppTests.swift in Sources */,
			);
			runOnlyForDeploymentPostprocessing = 0;
		};
		1E57F8AE2886F28A003D4C08 /* Sources */ = {
			isa = PBXSourcesBuildPhase;
			buildActionMask = 2147483647;
			files = (
				1E57F8B92886F28A003D4C08 /* ToDoListAppUITestsLaunchTests.swift in Sources */,
				1E57F8B72886F28A003D4C08 /* ToDoListAppUITests.swift in Sources */,
			);
			runOnlyForDeploymentPostprocessing = 0;
		};
/* End PBXSourcesBuildPhase section */

/* Begin PBXTargetDependency section */
		1E57F8AA2886F28A003D4C08 /* PBXTargetDependency */ = {
			isa = PBXTargetDependency;
			target = 1E57F88E2886F287003D4C08 /* ToDoListApp */;
			targetProxy = 1E57F8A92886F28A003D4C08 /* PBXContainerItemProxy */;
		};
		1E57F8B42886F28A003D4C08 /* PBXTargetDependency */ = {
			isa = PBXTargetDependency;
			target = 1E57F88E2886F287003D4C08 /* ToDoListApp */;
			targetProxy = 1E57F8B32886F28A003D4C08 /* PBXContainerItemProxy */;
		};
/* End PBXTargetDependency section */

/* Begin PBXVariantGroup section */
		1E57F8982886F287003D4C08 /* Main.storyboard */ = {
			isa = PBXVariantGroup;
			children = (
				1E57F8992886F287003D4C08 /* Base */,
			);
			name = Main.storyboard;
			sourceTree = "<group>";
		};
		1E57F8A02886F28A003D4C08 /* LaunchScreen.storyboard */ = {
			isa = PBXVariantGroup;
			children = (
				1E57F8A12886F28A003D4C08 /* Base */,
			);
			name = LaunchScreen.storyboard;
			sourceTree = "<group>";
		};
/* End PBXVariantGroup section */

/* Begin XCBuildConfiguration section */
		1E57F8BA2886F28A003D4C08 /* Debug */ = {
			isa = XCBuildConfiguration;
			buildSettings = {
				ALWAYS_SEARCH_USER_PATHS = NO;
				CLANG_ANALYZER_NONNULL = YES;
				CLANG_ANALYZER_NUMBER_OBJECT_CONVERSION = YES_AGGRESSIVE;
				CLANG_CXX_LANGUAGE_STANDARD = "gnu++17";
				CLANG_ENABLE_MODULES = YES;
				CLANG_ENABLE_OBJC_ARC = YES;
				CLANG_ENABLE_OBJC_WEAK = YES;
				CLANG_WARN_BLOCK_CAPTURE_AUTORELEASING = YES;
				CLANG_WARN_BOOL_CONVERSION = YES;
				CLANG_WARN_COMMA = YES;
				CLANG_WARN_CONSTANT_CONVERSION = YES;
				CLANG_WARN_DEPRECATED_OBJC_IMPLEMENTATIONS = YES;
				CLANG_WARN_DIRECT_OBJC_ISA_USAGE = YES_ERROR;
				CLANG_WARN_DOCUMENTATION_COMMENTS = YES;
				CLANG_WARN_EMPTY_BODY = YES;
				CLANG_WARN_ENUM_CONVERSION = YES;
				CLANG_WARN_INFINITE_RECURSION = YES;
				CLANG_WARN_INT_CONVERSION = YES;
				CLANG_WARN_NON_LITERAL_NULL_CONVERSION = YES;
				CLANG_WARN_OBJC_IMPLICIT_RETAIN_SELF = YES;
				CLANG_WARN_OBJC_LITERAL_CONVERSION = YES;
				CLANG_WARN_OBJC_ROOT_CLASS = YES_ERROR;
				CLANG_WARN_QUOTED_INCLUDE_IN_FRAMEWORK_HEADER = YES;
				CLANG_WARN_RANGE_LOOP_ANALYSIS = YES;
				CLANG_WARN_STRICT_PROTOTYPES = YES;
				CLANG_WARN_SUSPICIOUS_MOVE = YES;
				CLANG_WARN_UNGUARDED_AVAILABILITY = YES_AGGRESSIVE;
				CLANG_WARN_UNREACHABLE_CODE = YES;
				CLANG_WARN__DUPLICATE_METHOD_MATCH = YES;
				COPY_PHASE_STRIP = NO;
				DEBUG_INFORMATION_FORMAT = dwarf;
				ENABLE_STRICT_OBJC_MSGSEND = YES;
				ENABLE_TESTABILITY = YES;
				GCC_C_LANGUAGE_STANDARD = gnu11;
				GCC_DYNAMIC_NO_PIC = NO;
				GCC_NO_COMMON_BLOCKS = YES;
				GCC_OPTIMIZATION_LEVEL = 0;
				GCC_PREPROCESSOR_DEFINITIONS = (
					"DEBUG=1",
					"$(inherited)",
				);
				GCC_WARN_64_TO_32_BIT_CONVERSION = YES;
				GCC_WARN_ABOUT_RETURN_TYPE = YES_ERROR;
				GCC_WARN_UNDECLARED_SELECTOR = YES;
				GCC_WARN_UNINITIALIZED_AUTOS = YES_AGGRESSIVE;
				GCC_WARN_UNUSED_FUNCTION = YES;
				GCC_WARN_UNUSED_VARIABLE = YES;
				IPHONEOS_DEPLOYMENT_TARGET = 15.5;
				MTL_ENABLE_DEBUG_INFO = INCLUDE_SOURCE;
				MTL_FAST_MATH = YES;
				ONLY_ACTIVE_ARCH = YES;
				SDKROOT = iphoneos;
				SWIFT_ACTIVE_COMPILATION_CONDITIONS = DEBUG;
				SWIFT_OPTIMIZATION_LEVEL = "-Onone";
			};
			name = Debug;
		};
		1E57F8BB2886F28A003D4C08 /* Release */ = {
			isa = XCBuildConfiguration;
			buildSettings = {
				ALWAYS_SEARCH_USER_PATHS = NO;
				CLANG_ANALYZER_NONNULL = YES;
				CLANG_ANALYZER_NUMBER_OBJECT_CONVERSION = YES_AGGRESSIVE;
				CLANG_CXX_LANGUAGE_STANDARD = "gnu++17";
				CLANG_ENABLE_MODULES = YES;
				CLANG_ENABLE_OBJC_ARC = YES;
				CLANG_ENABLE_OBJC_WEAK = YES;
				CLANG_WARN_BLOCK_CAPTURE_AUTORELEASING = YES;
				CLANG_WARN_BOOL_CONVERSION = YES;
				CLANG_WARN_COMMA = YES;
				CLANG_WARN_CONSTANT_CONVERSION = YES;
				CLANG_WARN_DEPRECATED_OBJC_IMPLEMENTATIONS = YES;
				CLANG_WARN_DIRECT_OBJC_ISA_USAGE = YES_ERROR;
				CLANG_WARN_DOCUMENTATION_COMMENTS = YES;
				CLANG_WARN_EMPTY_BODY = YES;
				CLANG_WARN_ENUM_CONVERSION = YES;
				CLANG_WARN_INFINITE_RECURSION = YES;
				CLANG_WARN_INT_CONVERSION = YES;
				CLANG_WARN_NON_LITERAL_NULL_CONVERSION = YES;
				CLANG_WARN_OBJC_IMPLICIT_RETAIN_SELF = YES;
				CLANG_WARN_OBJC_LITERAL_CONVERSION = YES;
				CLANG_WARN_OBJC_ROOT_CLASS = YES_ERROR;
				CLANG_WARN_QUOTED_INCLUDE_IN_FRAMEWORK_HEADER = YES;
				CLANG_WARN_RANGE_LOOP_ANALYSIS = YES;
				CLANG_WARN_STRICT_PROTOTYPES = YES;
				CLANG_WARN_SUSPICIOUS_MOVE = YES;
				CLANG_WARN_UNGUARDED_AVAILABILITY = YES_AGGRESSIVE;
				CLANG_WARN_UNREACHABLE_CODE = YES;
				CLANG_WARN__DUPLICATE_METHOD_MATCH = YES;
				COPY_PHASE_STRIP = NO;
				DEBUG_INFORMATION_FORMAT = "dwarf-with-dsym";
				ENABLE_NS_ASSERTIONS = NO;
				ENABLE_STRICT_OBJC_MSGSEND = YES;
				GCC_C_LANGUAGE_STANDARD = gnu11;
				GCC_NO_COMMON_BLOCKS = YES;
				GCC_WARN_64_TO_32_BIT_CONVERSION = YES;
				GCC_WARN_ABOUT_RETURN_TYPE = YES_ERROR;
				GCC_WARN_UNDECLARED_SELECTOR = YES;
				GCC_WARN_UNINITIALIZED_AUTOS = YES_AGGRESSIVE;
				GCC_WARN_UNUSED_FUNCTION = YES;
				GCC_WARN_UNUSED_VARIABLE = YES;
				IPHONEOS_DEPLOYMENT_TARGET = 15.5;
				MTL_ENABLE_DEBUG_INFO = NO;
				MTL_FAST_MATH = YES;
				SDKROOT = iphoneos;
				SWIFT_COMPILATION_MODE = wholemodule;
				SWIFT_OPTIMIZATION_LEVEL = "-O";
				VALIDATE_PRODUCT = YES;
			};
			name = Release;
		};
		1E57F8BD2886F28A003D4C08 /* Debug */ = {
			isa = XCBuildConfiguration;
			buildSettings = {
				ASSETCATALOG_COMPILER_APPICON_NAME = AppIcon;
				ASSETCATALOG_COMPILER_GLOBAL_ACCENT_COLOR_NAME = AccentColor;
				CODE_SIGN_STYLE = Automatic;
				CURRENT_PROJECT_VERSION = 1;
				GENERATE_INFOPLIST_FILE = YES;
				INFOPLIST_FILE = ToDoListApp/Info.plist;
				INFOPLIST_KEY_UIApplicationSupportsIndirectInputEvents = YES;
				INFOPLIST_KEY_UILaunchStoryboardName = LaunchScreen;
				INFOPLIST_KEY_UIMainStoryboardFile = Main;
				INFOPLIST_KEY_UISupportedInterfaceOrientations_iPad = "UIInterfaceOrientationPortrait UIInterfaceOrientationPortraitUpsideDown UIInterfaceOrientationLandscapeLeft UIInterfaceOrientationLandscapeRight";
				INFOPLIST_KEY_UISupportedInterfaceOrientations_iPhone = "UIInterfaceOrientationPortrait UIInterfaceOrientationLandscapeLeft UIInterfaceOrientationLandscapeRight";
				LD_RUNPATH_SEARCH_PATHS = (
					"$(inherited)",
					"@executable_path/Frameworks",
				);
				MARKETING_VERSION = 1.0;
				PRODUCT_BUNDLE_IDENTIFIER = com.example.KWK.ToDoListApp;
				PRODUCT_NAME = "$(TARGET_NAME)";
				SWIFT_EMIT_LOC_STRINGS = YES;
				SWIFT_VERSION = 5.0;
				TARGETED_DEVICE_FAMILY = "1,2";
			};
			name = Debug;
		};
		1E57F8BE2886F28A003D4C08 /* Release */ = {
			isa = XCBuildConfiguration;
			buildSettings = {
				ASSETCATALOG_COMPILER_APPICON_NAME = AppIcon;
				ASSETCATALOG_COMPILER_GLOBAL_ACCENT_COLOR_NAME = AccentColor;
				CODE_SIGN_STYLE = Automatic;
				CURRENT_PROJECT_VERSION = 1;
				GENERATE_INFOPLIST_FILE = YES;
				INFOPLIST_FILE = ToDoListApp/Info.plist;
				INFOPLIST_KEY_UIApplicationSupportsIndirectInputEvents = YES;
				INFOPLIST_KEY_UILaunchStoryboardName = LaunchScreen;
				INFOPLIST_KEY_UIMainStoryboardFile = Main;
				INFOPLIST_KEY_UISupportedInterfaceOrientations_iPad = "UIInterfaceOrientationPortrait UIInterfaceOrientationPortraitUpsideDown UIInterfaceOrientationLandscapeLeft UIInterfaceOrientationLandscapeRight";
				INFOPLIST_KEY_UISupportedInterfaceOrientations_iPhone = "UIInterfaceOrientationPortrait UIInterfaceOrientationLandscapeLeft UIInterfaceOrientationLandscapeRight";
				LD_RUNPATH_SEARCH_PATHS = (
					"$(inherited)",
					"@executable_path/Frameworks",
				);
				MARKETING_VERSION = 1.0;
				PRODUCT_BUNDLE_IDENTIFIER = com.example.KWK.ToDoListApp;
				PRODUCT_NAME = "$(TARGET_NAME)";
				SWIFT_EMIT_LOC_STRINGS = YES;
				SWIFT_VERSION = 5.0;
				TARGETED_DEVICE_FAMILY = "1,2";
			};
			name = Release;
		};
		1E57F8C02886F28A003D4C08 /* Debug */ = {
			isa = XCBuildConfiguration;
			buildSettings = {
				ALWAYS_EMBED_SWIFT_STANDARD_LIBRARIES = YES;
				BUNDLE_LOADER = "$(TEST_HOST)";
				CODE_SIGN_STYLE = Automatic;
				CURRENT_PROJECT_VERSION = 1;
				GENERATE_INFOPLIST_FILE = YES;
				IPHONEOS_DEPLOYMENT_TARGET = 15.5;
				MARKETING_VERSION = 1.0;
				PRODUCT_BUNDLE_IDENTIFIER = com.example.KWK.ToDoListAppTests;
				PRODUCT_NAME = "$(TARGET_NAME)";
				SWIFT_EMIT_LOC_STRINGS = NO;
				SWIFT_VERSION = 5.0;
				TARGETED_DEVICE_FAMILY = "1,2";
				TEST_HOST = "$(BUILT_PRODUCTS_DIR)/ToDoListApp.app/ToDoListApp";
			};
			name = Debug;
		};
		1E57F8C12886F28A003D4C08 /* Release */ = {
			isa = XCBuildConfiguration;
			buildSettings = {
				ALWAYS_EMBED_SWIFT_STANDARD_LIBRARIES = YES;
				BUNDLE_LOADER = "$(TEST_HOST)";
				CODE_SIGN_STYLE = Automatic;
				CURRENT_PROJECT_VERSION = 1;
				GENERATE_INFOPLIST_FILE = YES;
				IPHONEOS_DEPLOYMENT_TARGET = 15.5;
				MARKETING_VERSION = 1.0;
				PRODUCT_BUNDLE_IDENTIFIER = com.example.KWK.ToDoListAppTests;
				PRODUCT_NAME = "$(TARGET_NAME)";
				SWIFT_EMIT_LOC_STRINGS = NO;
				SWIFT_VERSION = 5.0;
				TARGETED_DEVICE_FAMILY = "1,2";
				TEST_HOST = "$(BUILT_PRODUCTS_DIR)/ToDoListApp.app/ToDoListApp";
			};
			name = Release;
		};
		1E57F8C32886F28A003D4C08 /* Debug */ = {
			isa = XCBuildConfiguration;
			buildSettings = {
				ALWAYS_EMBED_SWIFT_STANDARD_LIBRARIES = YES;
				CODE_SIGN_STYLE = Automatic;
				CURRENT_PROJECT_VERSION = 1;
				GENERATE_INFOPLIST_FILE = YES;
				MARKETING_VERSION = 1.0;
				PRODUCT_BUNDLE_IDENTIFIER = com.example.KWK.ToDoListAppUITests;
				PRODUCT_NAME = "$(TARGET_NAME)";
				SWIFT_EMIT_LOC_STRINGS = NO;
				SWIFT_VERSION = 5.0;
				TARGETED_DEVICE_FAMILY = "1,2";
				TEST_TARGET_NAME = ToDoListApp;
			};
			name = Debug;
		};
		1E57F8C42886F28A003D4C08 /* Release */ = {
			isa = XCBuildConfiguration;
			buildSettings = {
				ALWAYS_EMBED_SWIFT_STANDARD_LIBRARIES = YES;
				CODE_SIGN_STYLE = Automatic;
				CURRENT_PROJECT_VERSION = 1;
				GENERATE_INFOPLIST_FILE = YES;
				MARKETING_VERSION = 1.0;
				PRODUCT_BUNDLE_IDENTIFIER = com.example.KWK.ToDoListAppUITests;
				PRODUCT_NAME = "$(TARGET_NAME)";
				SWIFT_EMIT_LOC_STRINGS = NO;
				SWIFT_VERSION = 5.0;
				TARGETED_DEVICE_FAMILY = "1,2";
				TEST_TARGET_NAME = ToDoListApp;
			};
			name = Release;
		};
/* End XCBuildConfiguration section */

/* Begin XCConfigurationList section */
		1E57F88A2886F287003D4C08 /* Build configuration list for PBXProject "ToDoListApp" */ = {
			isa = XCConfigurationList;
			buildConfigurations = (
				1E57F8BA2886F28A003D4C08 /* Debug */,
				1E57F8BB2886F28A003D4C08 /* Release */,
			);
			defaultConfigurationIsVisible = 0;
			defaultConfigurationName = Release;
		};
		1E57F8BC2886F28A003D4C08 /* Build configuration list for PBXNativeTarget "ToDoListApp" */ = {
			isa = XCConfigurationList;
			buildConfigurations = (
				1E57F8BD2886F28A003D4C08 /* Debug */,
				1E57F8BE2886F28A003D4C08 /* Release */,
			);
			defaultConfigurationIsVisible = 0;
			defaultConfigurationName = Release;
		};
		1E57F8BF2886F28A003D4C08 /* Build configuration list for PBXNativeTarget "ToDoListAppTests" */ = {
			isa = XCConfigurationList;
			buildConfigurations = (
				1E57F8C02886F28A003D4C08 /* Debug */,
				1E57F8C12886F28A003D4C08 /* Release */,
			);
			defaultConfigurationIsVisible = 0;
			defaultConfigurationName = Release;
		};
		1E57F8C22886F28A003D4C08 /* Build configuration list for PBXNativeTarget "ToDoListAppUITests" */ = {
			isa = XCConfigurationList;
			buildConfigurations = (
				1E57F8C32886F28A003D4C08 /* Debug */,
				1E57F8C42886F28A003D4C08 /* Release */,
			);
			defaultConfigurationIsVisible = 0;
			defaultConfigurationName = Release;
		};
/* End XCConfigurationList section */

/* Begin XCVersionGroup section */
		1E57F89B2886F287003D4C08 /* ToDoListApp.xcdatamodeld */ = {
			isa = XCVersionGroup;
			children = (
				1E57F89C2886F287003D4C08 /* ToDoListApp.xcdatamodel */,
			);
			currentVersion = 1E57F89C2886F287003D4C08 /* ToDoListApp.xcdatamodel */;
			path = ToDoListApp.xcdatamodeld;
			sourceTree = "<group>";
			versionGroupType = wrapper.xcdatamodel;
		};
/* End XCVersionGroup section */
	};
	rootObject = 1E57F8872886F287003D4C08 /* Project object */;
}
